
Microsoft Visual Studio Solution File, Format Version 12.00
# Visual Studio Version 16
VisualStudioVersion = 16.0.32802.440
MinimumVisualStudioVersion = 10.0.40219.1
Project("{FAE04EC0-301F-11D3-BF4B-00C04F79EFBC}") = "VajaTest12", "VajaTest12\VajaTest12.csproj", "{B1F072E7-50BB-46CB-8CF5-FBC861043B8C}"
EndProject
Global
	GlobalSection(SolutionConfigurationPlatforms) = preSolution
		Debug|Any CPU = Debug|Any CPU
		Release|Any CPU = Release|Any CPU
	EndGlobalSection
	GlobalSection(ProjectConfigurationPlatforms) = postSolution
		{B1F072E7-50BB-46CB-8CF5-FBC861043B8C}.Debug|Any CPU.ActiveCfg = Debug|Any CPU
		{B1F072E7-50BB-46CB-8CF5-FBC861043B8C}.Debug|Any CPU.Build.0 = Debug|Any CPU
		{B1F072E7-50BB-46CB-8CF5-FBC861043B8C}.Release|Any CPU.ActiveCfg = Release|Any CPU
		{B1F072E7-50BB-46CB-8CF5-FBC861043B8C}.Release|Any CPU.Build.0 = Release|Any CPU
	EndGlobalSection
	GlobalSection(SolutionProperties) = preSolution
		HideSolutionNode = FALSE
	EndGlobalSection
	GlobalSection(ExtensibilityGlobals) = postSolution
		SolutionGuid = {FEA50F3B-34E8-4A07-8B95-8CFB53233812}
	EndGlobalSection
EndGlobal
